
Microsoft Visual Studio Solution File, Format Version 12.00
# Visual Studio Version 16
VisualStudioVersion = 16.0.30611.23
MinimumVisualStudioVersion = 10.0.40219.1
Project("{9A19103F-16F7-4668-BE54-9A1E7A4F7556}") = "AppXamarinTestThemoviedb.Shared", "AppXamarinTestThemoviedb\AppXamarinTestThemoviedb.Shared\AppXamarinTestThemoviedb.Shared.csproj", "{27B69130-37F4-45D8-9CA5-D882585D8B06}"
EndProject
Project("{FAE04EC0-301F-11D3-BF4B-00C04F79EFBC}") = "AppXamarinTestThemoviedb.Android", "AppXamarinTestThemoviedb\AppXamarinTestThemoviedb.Android\AppXamarinTestThemoviedb.Android.csproj", "{B2A23C70-C694-44B3-AFC8-8A8977CA4DC9}"
EndProject
Project("{FAE04EC0-301F-11D3-BF4B-00C04F79EFBC}") = "AppXamarinTestThemoviedb.iOS", "AppXamarinTestThemoviedb\AppXamarinTestThemoviedb.iOS\AppXamarinTestThemoviedb.iOS.csproj", "{64002552-50F0-4879-A184-5A53FADFD5B0}"
EndProject
Global
	GlobalSection(SolutionConfigurationPlatforms) = preSolution
		Ad-Hoc|Any CPU = Ad-Hoc|Any CPU
		Ad-Hoc|iPhone = Ad-Hoc|iPhone
		Ad-Hoc|iPhoneSimulator = Ad-Hoc|iPhoneSimulator
		AppStore|Any CPU = AppStore|Any CPU
		AppStore|iPhone = AppStore|iPhone
		AppStore|iPhoneSimulator = AppStore|iPhoneSimulator
		Debug|Any CPU = Debug|Any CPU
		Debug|iPhone = Debug|iPhone
		Debug|iPhoneSimulator = Debug|iPhoneSimulator
		Release|Any CPU = Release|Any CPU
		Release|iPhone = Release|iPhone
		Release|iPhoneSimulator = Release|iPhoneSimulator
	EndGlobalSection
	GlobalSection(ProjectConfigurationPlatforms) = postSolution
		{27B69130-37F4-45D8-9CA5-D882585D8B06}.Ad-Hoc|Any CPU.ActiveCfg = Debug|Any CPU
		{27B69130-37F4-45D8-9CA5-D882585D8B06}.Ad-Hoc|Any CPU.Build.0 = Debug|Any CPU
		{27B69130-37F4-45D8-9CA5-D882585D8B06}.Ad-Hoc|iPhone.ActiveCfg = Debug|Any CPU
		{27B69130-37F4-45D8-9CA5-D882585D8B06}.Ad-Hoc|iPhone.Build.0 = Debug|Any CPU
		{27B69130-37F4-45D8-9CA5-D882585D8B06}.Ad-Hoc|iPhoneSimulator.ActiveCfg = Debug|Any CPU
		{27B69130-37F4-45D8-9CA5-D882585D8B06}.Ad-Hoc|iPhoneSimulator.Build.0 = Debug|Any CPU
		{27B69130-37F4-45D8-9CA5-D882585D8B06}.AppStore|Any CPU.ActiveCfg = Debug|Any CPU
		{27B69130-37F4-45D8-9CA5-D882585D8B06}.AppStore|Any CPU.Build.0 = Debug|Any CPU
		{27B69130-37F4-45D8-9CA5-D882585D8B06}.AppStore|iPhone.ActiveCfg = Debug|Any CPU
		{27B69130-37F4-45D8-9CA5-D882585D8B06}.AppStore|iPhone.Build.0 = Debug|Any CPU
		{27B69130-37F4-45D8-9CA5-D882585D8B06}.AppStore|iPhoneSimulator.ActiveCfg = Debug|Any CPU
		{27B69130-37F4-45D8-9CA5-D882585D8B06}.AppStore|iPhoneSimulator.Build.0 = Debug|Any CPU
		{27B69130-37F4-45D8-9CA5-D882585D8B06}.Debug|Any CPU.ActiveCfg = Debug|Any CPU
		{27B69130-37F4-45D8-9CA5-D882585D8B06}.Debug|Any CPU.Build.0 = Debug|Any CPU
		{27B69130-37F4-45D8-9CA5-D882585D8B06}.Debug|iPhone.ActiveCfg = Debug|Any CPU
		{27B69130-37F4-45D8-9CA5-D882585D8B06}.Debug|iPhone.Build.0 = Debug|Any CPU
		{27B69130-37F4-45D8-9CA5-D882585D8B06}.Debug|iPhoneSimulator.ActiveCfg = Debug|Any CPU
		{27B69130-37F4-45D8-9CA5-D882585D8B06}.Debug|iPhoneSimulator.Build.0 = Debug|Any CPU
		{27B69130-37F4-45D8-9CA5-D882585D8B06}.Release|Any CPU.ActiveCfg = Release|Any CPU
		{27B69130-37F4-45D8-9CA5-D882585D8B06}.Release|Any CPU.Build.0 = Release|Any CPU
		{27B69130-37F4-45D8-9CA5-D882585D8B06}.Release|iPhone.ActiveCfg = Release|Any CPU
		{27B69130-37F4-45D8-9CA5-D882585D8B06}.Release|iPhone.Build.0 = Release|Any CPU
		{27B69130-37F4-45D8-9CA5-D882585D8B06}.Release|iPhoneSimulator.ActiveCfg = Release|Any CPU
		{27B69130-37F4-45D8-9CA5-D882585D8B06}.Release|iPhoneSimulator.Build.0 = Release|Any CPU
		{B2A23C70-C694-44B3-AFC8-8A8977CA4DC9}.Ad-Hoc|Any CPU.ActiveCfg = Debug|Any CPU
		{B2A23C70-C694-44B3-AFC8-8A8977CA4DC9}.Ad-Hoc|Any CPU.Build.0 = Debug|Any CPU
		{B2A23C70-C694-44B3-AFC8-8A8977CA4DC9}.Ad-Hoc|Any CPU.Deploy.0 = Debug|Any CPU
		{B2A23C70-C694-44B3-AFC8-8A8977CA4DC9}.Ad-Hoc|iPhone.ActiveCfg = Debug|Any CPU
		{B2A23C70-C694-44B3-AFC8-8A8977CA4DC9}.Ad-Hoc|iPhone.Build.0 = Debug|Any CPU
		{B2A23C70-C694-44B3-AFC8-8A8977CA4DC9}.Ad-Hoc|iPhone.Deploy.0 = Debug|Any CPU
		{B2A23C70-C694-44B3-AFC8-8A8977CA4DC9}.Ad-Hoc|iPhoneSimulator.ActiveCfg = Debug|Any CPU
		{B2A23C70-C694-44B3-AFC8-8A8977CA4DC9}.Ad-Hoc|iPhoneSimulator.Build.0 = Debug|Any CPU
		{B2A23C70-C694-44B3-AFC8-8A8977CA4DC9}.Ad-Hoc|iPhoneSimulator.Deploy.0 = Debug|Any CPU
		{B2A23C70-C694-44B3-AFC8-8A8977CA4DC9}.AppStore|Any CPU.ActiveCfg = Debug|Any CPU
		{B2A23C70-C694-44B3-AFC8-8A8977CA4DC9}.AppStore|Any CPU.Build.0 = Debug|Any CPU
		{B2A23C70-C694-44B3-AFC8-8A8977CA4DC9}.AppStore|Any CPU.Deploy.0 = Debug|Any CPU
		{B2A23C70-C694-44B3-AFC8-8A8977CA4DC9}.AppStore|iPhone.ActiveCfg = Debug|Any CPU
		{B2A23C70-C694-44B3-AFC8-8A8977CA4DC9}.AppStore|iPhone.Build.0 = Debug|Any CPU
		{B2A23C70-C694-44B3-AFC8-8A8977CA4DC9}.AppStore|iPhone.Deploy.0 = Debug|Any CPU
		{B2A23C70-C694-44B3-AFC8-8A8977CA4DC9}.AppStore|iPhoneSimulator.ActiveCfg = Debug|Any CPU
		{B2A23C70-C694-44B3-AFC8-8A8977CA4DC9}.AppStore|iPhoneSimulator.Build.0 = Debug|Any CPU
		{B2A23C70-C694-44B3-AFC8-8A8977CA4DC9}.AppStore|iPhoneSimulator.Deploy.0 = Debug|Any CPU
		{B2A23C70-C694-44B3-AFC8-8A8977CA4DC9}.Debug|Any CPU.ActiveCfg = Debug|Any CPU
		{B2A23C70-C694-44B3-AFC8-8A8977CA4DC9}.Debug|Any CPU.Build.0 = Debug|Any CPU
		{B2A23C70-C694-44B3-AFC8-8A8977CA4DC9}.Debug|Any CPU.Deploy.0 = Debug|Any CPU
		{B2A23C70-C694-44B3-AFC8-8A8977CA4DC9}.Debug|iPhone.ActiveCfg = Debug|Any CPU
		{B2A23C70-C694-44B3-AFC8-8A8977CA4DC9}.Debug|iPhone.Build.0 = Debug|Any CPU
		{B2A23C70-C694-44B3-AFC8-8A8977CA4DC9}.Debug|iPhone.Deploy.0 = Debug|Any CPU
		{B2A23C70-C694-44B3-AFC8-8A8977CA4DC9}.Debug|iPhoneSimulator.ActiveCfg = Debug|Any CPU
		{B2A23C70-C694-44B3-AFC8-8A8977CA4DC9}.Debug|iPhoneSimulator.Build.0 = Debug|Any CPU
		{B2A23C70-C694-44B3-AFC8-8A8977CA4DC9}.Debug|iPhoneSimulator.Deploy.0 = Debug|Any CPU
		{B2A23C70-C694-44B3-AFC8-8A8977CA4DC9}.Release|Any CPU.ActiveCfg = Release|Any CPU
		{B2A23C70-C694-44B3-AFC8-8A8977CA4DC9}.Release|Any CPU.Build.0 = Release|Any CPU
		{B2A23C70-C694-44B3-AFC8-8A8977CA4DC9}.Release|Any CPU.Deploy.0 = Release|Any CPU
		{B2A23C70-C694-44B3-AFC8-8A8977CA4DC9}.Release|iPhone.ActiveCfg = Release|Any CPU
		{B2A23C70-C694-44B3-AFC8-8A8977CA4DC9}.Release|iPhone.Build.0 = Release|Any CPU
		{B2A23C70-C694-44B3-AFC8-8A8977CA4DC9}.Release|iPhone.Deploy.0 = Release|Any CPU
		{B2A23C70-C694-44B3-AFC8-8A8977CA4DC9}.Release|iPhoneSimulator.ActiveCfg = Release|Any CPU
		{B2A23C70-C694-44B3-AFC8-8A8977CA4DC9}.Release|iPhoneSimulator.Build.0 = Release|Any CPU
		{B2A23C70-C694-44B3-AFC8-8A8977CA4DC9}.Release|iPhoneSimulator.Deploy.0 = Release|Any CPU
		{64002552-50F0-4879-A184-5A53FADFD5B0}.Ad-Hoc|Any CPU.ActiveCfg = Ad-Hoc|iPhoneSimulator
		{64002552-50F0-4879-A184-5A53FADFD5B0}.Ad-Hoc|iPhone.ActiveCfg = Ad-Hoc|iPhone
		{64002552-50F0-4879-A184-5A53FADFD5B0}.Ad-Hoc|iPhone.Build.0 = Ad-Hoc|iPhone
		{64002552-50F0-4879-A184-5A53FADFD5B0}.Ad-Hoc|iPhoneSimulator.ActiveCfg = Ad-Hoc|iPhoneSimulator
		{64002552-50F0-4879-A184-5A53FADFD5B0}.Ad-Hoc|iPhoneSimulator.Build.0 = Ad-Hoc|iPhoneSimulator
		{64002552-50F0-4879-A184-5A53FADFD5B0}.AppStore|Any CPU.ActiveCfg = AppStore|iPhoneSimulator
		{64002552-50F0-4879-A184-5A53FADFD5B0}.AppStore|iPhone.ActiveCfg = AppStore|iPhone
		{64002552-50F0-4879-A184-5A53FADFD5B0}.AppStore|iPhone.Build.0 = AppStore|iPhone
		{64002552-50F0-4879-A184-5A53FADFD5B0}.AppStore|iPhoneSimulator.ActiveCfg = AppStore|iPhoneSimulator
		{64002552-50F0-4879-A184-5A53FADFD5B0}.AppStore|iPhoneSimulator.Build.0 = AppStore|iPhoneSimulator
		{64002552-50F0-4879-A184-5A53FADFD5B0}.Debug|Any CPU.ActiveCfg = Debug|iPhoneSimulator
		{64002552-50F0-4879-A184-5A53FADFD5B0}.Debug|iPhone.ActiveCfg = Debug|iPhone
		{64002552-50F0-4879-A184-5A53FADFD5B0}.Debug|iPhone.Build.0 = Debug|iPhone
		{64002552-50F0-4879-A184-5A53FADFD5B0}.Debug|iPhoneSimulator.ActiveCfg = Debug|iPhoneSimulator
		{64002552-50F0-4879-A184-5A53FADFD5B0}.Debug|iPhoneSimulator.Build.0 = Debug|iPhoneSimulator
		{64002552-50F0-4879-A184-5A53FADFD5B0}.Release|Any CPU.ActiveCfg = Release|iPhoneSimulator
		{64002552-50F0-4879-A184-5A53FADFD5B0}.Release|iPhone.ActiveCfg = Release|iPhone
		{64002552-50F0-4879-A184-5A53FADFD5B0}.Release|iPhone.Build.0 = Release|iPhone
		{64002552-50F0-4879-A184-5A53FADFD5B0}.Release|iPhoneSimulator.ActiveCfg = Release|iPhoneSimulator
		{64002552-50F0-4879-A184-5A53FADFD5B0}.Release|iPhoneSimulator.Build.0 = Release|iPhoneSimulator
	EndGlobalSection
	GlobalSection(SolutionProperties) = preSolution
		HideSolutionNode = FALSE
	EndGlobalSection
	GlobalSection(ExtensibilityGlobals) = postSolution
		SolutionGuid = {0E567F6E-5A50-488E-8D31-815C8531D70D}
	EndGlobalSection
EndGlobal
